{
  "originHash": "3e1c883782f4dc5210a108f02295937ed5bb4087a7655ae0f04bafa746e54ef3",
  "pins": [
    {
      "identity": "launchatlogin-modern",
      "kind": "remoteSourceControl",
      "location": "https://github.com/sindresorhus/LaunchAtLogin-Modern",
      "state": {
        "revision": "a04ec1c363be3627734f6dad757d82f5d4fa8fcc",
        "version": "1.1.0"
      }
    },
    {
      "identity": "sparkle",
      "kind": "remoteSourceControl",
      "location": "https://github.com/sparkle-project/Sparkle",
      "state": {
        "revision": "066e75a8b3e99962685d6a90cdd5293ebffd9261",
        "version": "2.9.1"
      }
    },
    {
      "identity": "swift-log",
      "kind": "remoteSourceControl",
      "location": "https://github.com/apple/swift-log.git",
      "state": {
        "revision": "9c6fb14227f55d8f711ce3847dc2f419fb0ecacb",
        "version": "1.15.1"
      }
    }
  ],
  "version": 3
}
